PODS:
  - composeApp (1.0.0):
    - YandexMapsMobile (= 4.17.0-lite)
  - YandexMapsMobile (4.17.0-lite)

DEPENDENCIES:
  - composeApp (from `../composeApp`)
  - YandexMapsMobile (= 4.17.0-lite)

SPEC REPOS:
  trunk:
    - YandexMapsMobile

EXTERNAL SOURCES:
  composeApp:
    :path: "../composeApp"

SPEC CHECKSUMS:
  composeApp: c6732a5352552f98e659a1e2b3f4b961792d0a5a
  YandexMapsMobile: 6e2193ed08ab11682efafd3a88e5de854cecc0cf

PODFILE CHECKSUM: 6f39c47418ad3ba5ed24239d8669941fcbd8f73a

COCOAPODS: 1.16.2
