PODS:
  - composeApp (1.0.0):
    - YandexMapsMobile (= 4.17.0-lite)
  - YandexMapsMobile (4.17.0-lite)

DEPENDENCIES:
  - composeApp (from `../composeApp`)

SPEC REPOS:
  trunk:
    - YandexMapsMobile

EXTERNAL SOURCES:
  composeApp:
    :path: "../composeApp"

SPEC CHECKSUMS:
  composeApp: c6732a5352552f98e659a1e2b3f4b961792d0a5a
  YandexMapsMobile: 6e2193ed08ab11682efafd3a88e5de854cecc0cf

PODFILE CHECKSUM: fc0e95d31bf5ba4aac33d21a7a1d249bf07b9612

COCOAPODS: 1.16.2
